
Microsoft Visual Studio Solution File, Format Version 12.00
# Visual Studio 14
VisualStudioVersion = 14.0.25420.1
MinimumVisualStudioVersion = 10.0.40219.1
Project("{FAE04EC0-301F-11D3-BF4B-00C04F79EFBC}") = "DbFirst", "DbFirst\DbFirst.csproj", "{AB8A7001-20EE-4B2A-924D-0EE66945193D}"
EndProject
Project("{FAE04EC0-301F-11D3-BF4B-00C04F79EFBC}") = "CodeFirstExistingDb", "CodeFirstExistingDb\CodeFirstExistingDb.csproj", "{C9C34216-D0AB-4F2C-96B3-9D98043563B3}"
EndProject
Project("{FAE04EC0-301F-11D3-BF4B-00C04F79EFBC}") = "CodeFirstNewDb", "CodeFirstNewDb\CodeFirstNewDb.csproj", "{25004342-B823-4F90-A3C0-D10DEAFB7C9B}"
EndProject
Project("{FAE04EC0-301F-11D3-BF4B-00C04F79EFBC}") = "testst", "testst\testst.csproj", "{AAF42BF6-FF2F-4F8E-A8AE-52A8A8F2222E}"
EndProject
Global
	GlobalSection(SolutionConfigurationPlatforms) = preSolution
		Debug|Any CPU = Debug|Any CPU
		Release|Any CPU = Release|Any CPU
	EndGlobalSection
	GlobalSection(ProjectConfigurationPlatforms) = postSolution
		{AB8A7001-20EE-4B2A-924D-0EE66945193D}.Debug|Any CPU.ActiveCfg = Debug|Any CPU
		{AB8A7001-20EE-4B2A-924D-0EE66945193D}.Debug|Any CPU.Build.0 = Debug|Any CPU
		{AB8A7001-20EE-4B2A-924D-0EE66945193D}.Release|Any CPU.ActiveCfg = Release|Any CPU
		{AB8A7001-20EE-4B2A-924D-0EE66945193D}.Release|Any CPU.Build.0 = Release|Any CPU
		{C9C34216-D0AB-4F2C-96B3-9D98043563B3}.Debug|Any CPU.ActiveCfg = Debug|Any CPU
		{C9C34216-D0AB-4F2C-96B3-9D98043563B3}.Debug|Any CPU.Build.0 = Debug|Any CPU
		{C9C34216-D0AB-4F2C-96B3-9D98043563B3}.Release|Any CPU.ActiveCfg = Release|Any CPU
		{C9C34216-D0AB-4F2C-96B3-9D98043563B3}.Release|Any CPU.Build.0 = Release|Any CPU
		{25004342-B823-4F90-A3C0-D10DEAFB7C9B}.Debug|Any CPU.ActiveCfg = Debug|Any CPU
		{25004342-B823-4F90-A3C0-D10DEAFB7C9B}.Debug|Any CPU.Build.0 = Debug|Any CPU
		{25004342-B823-4F90-A3C0-D10DEAFB7C9B}.Release|Any CPU.ActiveCfg = Release|Any CPU
		{25004342-B823-4F90-A3C0-D10DEAFB7C9B}.Release|Any CPU.Build.0 = Release|Any CPU
		{AAF42BF6-FF2F-4F8E-A8AE-52A8A8F2222E}.Debug|Any CPU.ActiveCfg = Debug|Any CPU
		{AAF42BF6-FF2F-4F8E-A8AE-52A8A8F2222E}.Debug|Any CPU.Build.0 = Debug|Any CPU
		{AAF42BF6-FF2F-4F8E-A8AE-52A8A8F2222E}.Release|Any CPU.ActiveCfg = Release|Any CPU
		{AAF42BF6-FF2F-4F8E-A8AE-52A8A8F2222E}.Release|Any CPU.Build.0 = Release|Any CPU
	EndGlobalSection
	GlobalSection(SolutionProperties) = preSolution
		HideSolutionNode = FALSE
	EndGlobalSection
EndGlobal
